// !$*UTF8*$!
{
	archiveVersion = 1;
	classes = {
	};
	objectVersion = 46;
	objects = {

/* Begin PBXBuildFile section */
		DC56BE021E46EA2000AAD0D9 /* TGPControls.h in Headers */ = {isa = PBXBuildFile; fileRef = DC56BE001E46EA2000AAD0D9 /* TGPControls.h */; settings = {ATTRIBUTES = (Public, ); }; };
		DC88CC4E1E46EAD10076AC65 /* TGPCamelLabels.swift in Sources */ = {isa = PBXBuildFile; fileRef = DC88CC4B1E46EAD10076AC65 /* TGPCamelLabels.swift */; };
		DC88CC4F1E46EAD10076AC65 /* TGPControlsTicksProtocol.swift in Sources */ = {isa = PBXBuildFile; fileRef = DC88CC4C1E46EAD10076AC65 /* TGPControlsTicksProtocol.swift */; };
		DC88CC501E46EAD10076AC65 /* TGPDiscreteSlider.swift in Sources */ = {isa = PBXBuildFile; fileRef = DC88CC4D1E46EAD10076AC65 /* TGPDiscreteSlider.swift */; };
/* End PBXBuildFile section */

/* Begin PBXFileReference section */
		DC56BDFD1E46EA2000AAD0D9 /* TGPControls.framework */ = {isa = PBXFileReference; explicitFileType = wrapper.framework; includeInIndex = 0; path = TGPControls.framework; sourceTree = BUILT_PRODUCTS_DIR; };
		DC56BE001E46EA2000AAD0D9 /* TGPControls.h */ = {isa = PBXFileReference; lastKnownFileType = sourcecode.c.h; path = TGPControls.h; sourceTree = "<group>"; };
		DC56BE011E46EA2000AAD0D9 /* Info.plist */ = {isa = PBXFileReference; lastKnownFileType = text.plist.xml; path = Info.plist; sourceTree = "<group>"; };
		DC88CC4B1E46EAD10076AC65 /* TGPCamelLabels.swift */ = {isa = PBXFileReference; fileEncoding = 4; lastKnownFileType = sourcecode.swift; path = TGPCamelLabels.swift; sourceTree = "<group>"; };
		DC88CC4C1E46EAD10076AC65 /* TGPControlsTicksProtocol.swift */ = {isa = PBXFileReference; fileEncoding = 4; lastKnownFileType = sourcecode.swift; path = TGPControlsTicksProtocol.swift; sourceTree = "<group>"; };
		DC88CC4D1E46EAD10076AC65 /* TGPDiscreteSlider.swift */ = {isa = PBXFileReference; fileEncoding = 4; lastKnownFileType = sourcecode.swift; path = TGPDiscreteSlider.swift; sourceTree = "<group>"; };
/* End PBXFileReference section */

/* Begin PBXFrameworksBuildPhase section */
		DC56BDF91E46EA2000AAD0D9 /* Frameworks */ = {
			isa = PBXFrameworksBuildPhase;
			buildActionMask = 2147483647;
			files = (
			);
			runOnlyForDeploymentPostprocessing = 0;
		};
/* End PBXFrameworksBuildPhase section */

/* Begin PBXGroup section */
		DC56BDF31E46EA2000AAD0D9 = {
			isa = PBXGroup;
			children = (
				DC56BDFF1E46EA2000AAD0D9 /* TGPControls */,
				DC56BDFE1E46EA2000AAD0D9 /* Products */,
			);
			sourceTree = "<group>";
		};
		DC56BDFE1E46EA2000AAD0D9 /* Products */ = {
			isa = PBXGroup;
			children = (
				DC56BDFD1E46EA2000AAD0D9 /* TGPControls.framework */,
			);
			name = Products;
			sourceTree = "<group>";
		};
		DC56BDFF1E46EA2000AAD0D9 /* TGPControls */ = {
			isa = PBXGroup;
			children = (
				DC56BE001E46EA2000AAD0D9 /* TGPControls.h */,
				DC88CC4B1E46EAD10076AC65 /* TGPCamelLabels.swift */,
				DC88CC4C1E46EAD10076AC65 /* TGPControlsTicksProtocol.swift */,
				DC88CC4D1E46EAD10076AC65 /* TGPDiscreteSlider.swift */,
				DC56BE011E46EA2000AAD0D9 /* Info.plist */,
			);
			path = TGPControls;
			sourceTree = "<group>";
		};
/* End PBXGroup section */

/* Begin PBXHeadersBuildPhase section */
		DC56BDFA1E46EA2000AAD0D9 /* Headers */ = {
			isa = PBXHeadersBuildPhase;
			buildActionMask = 2147483647;
			files = (
				DC56BE021E46EA2000AAD0D9 /* TGPControls.h in Headers */,
			);
			runOnlyForDeploymentPostprocessing = 0;
		};
/* End PBXHeadersBuildPhase section */

/* Begin PBXNativeTarget section */
		DC56BDFC1E46EA2000AAD0D9 /* TGPControls */ = {
			isa = PBXNativeTarget;
			buildConfigurationList = DC56BE051E46EA2000AAD0D9 /* Build configuration list for PBXNativeTarget "TGPControls" */;
			buildPhases = (
				DC56BDF81E46EA2000AAD0D9 /* Sources */,
				DC56BDF91E46EA2000AAD0D9 /* Frameworks */,
				DC56BDFA1E46EA2000AAD0D9 /* Headers */,
				DC56BDFB1E46EA2000AAD0D9 /* Resources */,
			);
			buildRules = (
			);
			dependencies = (
			);
			name = TGPControls;
			productName = TGPControls;
			productReference = DC56BDFD1E46EA2000AAD0D9 /* TGPControls.framework */;
			productType = "com.apple.product-type.framework";
		};
/* End PBXNativeTarget section */

/* Begin PBXProject section */
		DC56BDF41E46EA2000AAD0D9 /* Project object */ = {
			isa = PBXProject;
			attributes = {
				LastUpgradeCheck = 0820;
				ORGANIZATIONNAME = SwiftArchitect;
				TargetAttributes = {
					DC56BDFC1E46EA2000AAD0D9 = {
						CreatedOnToolsVersion = 8.2.1;
						LastSwiftMigration = 0820;
						ProvisioningStyle = Automatic;
					};
				};
			};
			buildConfigurationList = DC56BDF71E46EA2000AAD0D9 /* Build configuration list for PBXProject "TGPControls" */;
			compatibilityVersion = "Xcode 3.2";
			developmentRegion = English;
			hasScannedForEncodings = 0;
			knownRegions = (
				en,
			);
			mainGroup = DC56BDF31E46EA2000AAD0D9;
			productRefGroup = DC56BDFE1E46EA2000AAD0D9 /* Products */;
			projectDirPath = "";
			projectRoot = "";
			targets = (
				DC56BDFC1E46EA2000AAD0D9 /* TGPControls */,
			);
		};
/* End PBXProject section */

/* Begin PBXResourcesBuildPhase section */
		DC56BDFB1E46EA2000AAD0D9 /* Resources */ = {
			isa = PBXResourcesBuildPhase;
			buildActionMask = 2147483647;
			files = (
			);
			runOnlyForDeploymentPostprocessing = 0;
		};
/* End PBXResourcesBuildPhase section */

/* Begin PBXSourcesBuildPhase section */
		DC56BDF81E46EA2000AAD0D9 /* Sources */ = {
			isa = PBXSourcesBuildPhase;
			buildActionMask = 2147483647;
			files = (
				DC88CC501E46EAD10076AC65 /* TGPDiscreteSlider.swift in Sources */,
				DC88CC4F1E46EAD10076AC65 /* TGPControlsTicksProtocol.swift in Sources */,
				DC88CC4E1E46EAD10076AC65 /* TGPCamelLabels.swift in Sources */,
			);
			runOnlyForDeploymentPostprocessing = 0;
		};
/* End PBXSourcesBuildPhase section */

/* Begin XCBuildConfiguration section */
		DC56BE031E46EA2000AAD0D9 /* Debug */ = {
			isa = XCBuildConfiguration;
			buildSettings = {
				ALWAYS_SEARCH_USER_PATHS = NO;
				CLANG_ANALYZER_NONNULL = YES;
				CLANG_CXX_LANGUAGE_STANDARD = "gnu++0x";
				CLANG_CXX_LIBRARY = "libc++";
				CLANG_ENABLE_MODULES = YES;
				CLANG_ENABLE_OBJC_ARC = YES;
				CLANG_WARN_BOOL_CONVERSION = YES;
				CLANG_WARN_CONSTANT_CONVERSION = YES;
				CLANG_WARN_DIRECT_OBJC_ISA_USAGE = YES_ERROR;
				CLANG_WARN_DOCUMENTATION_COMMENTS = YES;
				CLANG_WARN_EMPTY_BODY = YES;
				CLANG_WARN_ENUM_CONVERSION = YES;
				CLANG_WARN_INFINITE_RECURSION = YES;
				CLANG_WARN_INT_CONVERSION = YES;
				CLANG_WARN_OBJC_ROOT_CLASS = YES_ERROR;
				CLANG_WARN_SUSPICIOUS_MOVE = YES;
				CLANG_WARN_UNREACHABLE_CODE = YES;
				CLANG_WARN__DUPLICATE_METHOD_MATCH = YES;
				"CODE_SIGN_IDENTITY[sdk=iphoneos*]" = "iPhone Developer";
				COPY_PHASE_STRIP = NO;
				CURRENT_PROJECT_VERSION = 1;
				DEBUG_INFORMATION_FORMAT = dwarf;
				ENABLE_STRICT_OBJC_MSGSEND = YES;
				ENABLE_TESTABILITY = YES;
				GCC_C_LANGUAGE_STANDARD = gnu99;
				GCC_DYNAMIC_NO_PIC = NO;
				GCC_NO_COMMON_BLOCKS = YES;
				GCC_OPTIMIZATION_LEVEL = 0;
				GCC_PREPROCESSOR_DEFINITIONS = (
					"DEBUG=1",
					"$(inherited)",
				);
				GCC_WARN_64_TO_32_BIT_CONVERSION = YES;
				GCC_WARN_ABOUT_RETURN_TYPE = YES_ERROR;
				GCC_WARN_UNDECLARED_SELECTOR = YES;
				GCC_WARN_UNINITIALIZED_AUTOS = YES_AGGRESSIVE;
				GCC_WARN_UNUSED_FUNCTION = YES;
				GCC_WARN_UNUSED_VARIABLE = YES;
				IPHONEOS_DEPLOYMENT_TARGET = 8.0;
				MTL_ENABLE_DEBUG_INFO = YES;
				ONLY_ACTIVE_ARCH = YES;
				SDKROOT = iphoneos;
				SWIFT_ACTIVE_COMPILATION_CONDITIONS = DEBUG;
				SWIFT_OPTIMIZATION_LEVEL = "-Onone";
				SWIFT_VERSION = 4.0;
				TARGETED_DEVICE_FAMILY = "1,2";
				VERSIONING_SYSTEM = "apple-generic";
				VERSION_INFO_PREFIX = "";
			};
			name = Debug;
		};
		DC56BE041E46EA2000AAD0D9 /* Release */ = {
			isa = XCBuildConfiguration;
			buildSettings = {
				ALWAYS_SEARCH_USER_PATHS = NO;
				CLANG_ANALYZER_NONNULL = YES;
				CLANG_CXX_LANGUAGE_STANDARD = "gnu++0x";
				CLANG_CXX_LIBRARY = "libc++";
				CLANG_ENABLE_MODULES = YES;
				CLANG_ENABLE_OBJC_ARC = YES;
				CLANG_WARN_BOOL_CONVERSION = YES;
				CLANG_WARN_CONSTANT_CONVERSION = YES;
				CLANG_WARN_DIRECT_OBJC_ISA_USAGE = YES_ERROR;
				CLANG_WARN_DOCUMENTATION_COMMENTS = YES;
				CLANG_WARN_EMPTY_BODY = YES;
				CLANG_WARN_ENUM_CONVERSION = YES;
				CLANG_WARN_INFINITE_RECURSION = YES;
				CLANG_WARN_INT_CONVERSION = YES;
				CLANG_WARN_OBJC_ROOT_CLASS = YES_ERROR;
				CLANG_WARN_SUSPICIOUS_MOVE = YES;
				CLANG_WARN_UNREACHABLE_CODE = YES;
				CLANG_WARN__DUPLICATE_METHOD_MATCH = YES;
				"CODE_SIGN_IDENTITY[sdk=iphoneos*]" = "iPhone Developer";
				COPY_PHASE_STRIP = NO;
				CURRENT_PROJECT_VERSION = 1;
				DEBUG_INFORMATION_FORMAT = "dwarf-with-dsym";
				ENABLE_NS_ASSERTIONS = NO;
				ENABLE_STRICT_OBJC_MSGSEND = YES;
				GCC_C_LANGUAGE_STANDARD = gnu99;
				GCC_NO_COMMON_BLOCKS = YES;
				GCC_WARN_64_TO_32_BIT_CONVERSION = YES;
				GCC_WARN_ABOUT_RETURN_TYPE = YES_ERROR;
				GCC_WARN_UNDECLARED_SELECTOR = YES;
				GCC_WARN_UNINITIALIZED_AUTOS = YES_AGGRESSIVE;
				GCC_WARN_UNUSED_FUNCTION = YES;
				GCC_WARN_UNUSED_VARIABLE = YES;
				IPHONEOS_DEPLOYMENT_TARGET = 8.0;
				MTL_ENABLE_DEBUG_INFO = NO;
				SDKROOT = iphoneos;
				SWIFT_OPTIMIZATION_LEVEL = "-Owholemodule";
				SWIFT_VERSION = 4.0;
				TARGETED_DEVICE_FAMILY = "1,2";
				VALIDATE_PRODUCT = YES;
				VERSIONING_SYSTEM = "apple-generic";
				VERSION_INFO_PREFIX = "";
			};
			name = Release;
		};
		DC56BE061E46EA2000AAD0D9 /* Debug */ = {
			isa = XCBuildConfiguration;
			buildSettings = {
				CLANG_ENABLE_MODULES = YES;
				CODE_SIGN_IDENTITY = "";
				DEFINES_MODULE = YES;
				DEVELOPMENT_TEAM = "";
				DYLIB_COMPATIBILITY_VERSION = 1;
				DYLIB_CURRENT_VERSION = 1;
				DYLIB_INSTALL_NAME_BASE = "@rpath";
				INFOPLIST_FILE = TGPControls/Info.plist;
				INSTALL_PATH = "$(LOCAL_LIBRARY_DIR)/Frameworks";
				IPHONEOS_DEPLOYMENT_TARGET = 8.0;
				LD_RUNPATH_SEARCH_PATHS = "$(inherited) @executable_path/Frameworks @loader_path/Frameworks";
				PRODUCT_BUNDLE_IDENTIFIER = com.swiftarchitect.TGPControls;
				PRODUCT_NAME = "$(TARGET_NAME)";
				SKIP_INSTALL = YES;
				SWIFT_OPTIMIZATION_LEVEL = "-Onone";
				SWIFT_VERSION = 4.0;
			};
			name = Debug;
		};
		DC56BE071E46EA2000AAD0D9 /* Release */ = {
			isa = XCBuildConfiguration;
			buildSettings = {
				CLANG_ENABLE_MODULES = YES;
				CODE_SIGN_IDENTITY = "";
				DEFINES_MODULE = YES;
				DEVELOPMENT_TEAM = "";
				DYLIB_COMPATIBILITY_VERSION = 1;
				DYLIB_CURRENT_VERSION = 1;
				DYLIB_INSTALL_NAME_BASE = "@rpath";
				INFOPLIST_FILE = TGPControls/Info.plist;
				INSTALL_PATH = "$(LOCAL_LIBRARY_DIR)/Frameworks";
				IPHONEOS_DEPLOYMENT_TARGET = 8.0;
				LD_RUNPATH_SEARCH_PATHS = "$(inherited) @executable_path/Frameworks @loader_path/Frameworks";
				PRODUCT_BUNDLE_IDENTIFIER = com.swiftarchitect.TGPControls;
				PRODUCT_NAME = "$(TARGET_NAME)";
				SKIP_INSTALL = YES;
				SWIFT_VERSION = 4.0;
			};
			name = Release;
		};
/* End XCBuildConfiguration section */

/* Begin XCConfigurationList section */
		DC56BDF71E46EA2000AAD0D9 /* Build configuration list for PBXProject "TGPControls" */ = {
			isa = XCConfigurationList;
			buildConfigurations = (
				DC56BE031E46EA2000AAD0D9 /* Debug */,
				DC56BE041E46EA2000AAD0D9 /* Release */,
			);
			defaultConfigurationIsVisible = 0;
			defaultConfigurationName = Release;
		};
		DC56BE051E46EA2000AAD0D9 /* Build configuration list for PBXNativeTarget "TGPControls" */ = {
			isa = XCConfigurationList;
			buildConfigurations = (
				DC56BE061E46EA2000AAD0D9 /* Debug */,
				DC56BE071E46EA2000AAD0D9 /* Release */,
			);
			defaultConfigurationIsVisible = 0;
			defaultConfigurationName = Release;
		};
/* End XCConfigurationList section */
	};
	rootObject = DC56BDF41E46EA2000AAD0D9 /* Project object */;
}
