// !$*UTF8*$!
{
	archiveVersion = 1;
	classes = {
	};
	objectVersion = 46;
	objects = {

/* Begin PBXBuildFile section */
		803A99D2DE444E51D1C80154 /* Pods_TGPControlsDemo.framework in Frameworks */ = {isa = PBXBuildFile; fileRef = 5F81ED809FBD1E88B2963FDC /* Pods_TGPControlsDemo.framework */; };
		DC56BDC71E46DEB900AAD0D9 /* AppDelegate.swift in Sources */ = {isa = PBXBuildFile; fileRef = DC56BDC61E46DEB900AAD0D9 /* AppDelegate.swift */; };
		DC56BDC91E46DEB900AAD0D9 /* ViewController.swift in Sources */ = {isa = PBXBuildFile; fileRef = DC56BDC81E46DEB900AAD0D9 /* ViewController.swift */; };
		DC56BDCC1E46DEB900AAD0D9 /* Main.storyboard in Resources */ = {isa = PBXBuildFile; fileRef = DC56BDCA1E46DEB900AAD0D9 /* Main.storyboard */; };
		DC56BDCE1E46DEB900AAD0D9 /* Assets.xcassets in Resources */ = {isa = PBXBuildFile; fileRef = DC56BDCD1E46DEB900AAD0D9 /* Assets.xcassets */; };
		DC56BDD11E46DEB900AAD0D9 /* LaunchScreen.storyboard in Resources */ = {isa = PBXBuildFile; fileRef = DC56BDCF1E46DEB900AAD0D9 /* LaunchScreen.storyboard */; };
/* End PBXBuildFile section */

/* Begin PBXFileReference section */
		5F81ED809FBD1E88B2963FDC /* Pods_TGPControlsDemo.framework */ = {isa = PBXFileReference; explicitFileType = wrapper.framework; includeInIndex = 0; path = Pods_TGPControlsDemo.framework; sourceTree = BUILT_PRODUCTS_DIR; };
		DC56BDC31E46DEB900AAD0D9 /* TGPControlsDemo.app */ = {isa = PBXFileReference; explicitFileType = wrapper.application; includeInIndex = 0; path = TGPControlsDemo.app; sourceTree = BUILT_PRODUCTS_DIR; };
		DC56BDC61E46DEB900AAD0D9 /* AppDelegate.swift */ = {isa = PBXFileReference; lastKnownFileType = sourcecode.swift; path = AppDelegate.swift; sourceTree = "<group>"; };
		DC56BDC81E46DEB900AAD0D9 /* ViewController.swift */ = {isa = PBXFileReference; lastKnownFileType = sourcecode.swift; path = ViewController.swift; sourceTree = "<group>"; };
		DC56BDCB1E46DEB900AAD0D9 /* Base */ = {isa = PBXFileReference; lastKnownFileType = file.storyboard; name = Base; path = Base.lproj/Main.storyboard; sourceTree = "<group>"; };
		DC56BDCD1E46DEB900AAD0D9 /* Assets.xcassets */ = {isa = PBXFileReference; lastKnownFileType = folder.assetcatalog; path = Assets.xcassets; sourceTree = "<group>"; };
		DC56BDD01E46DEB900AAD0D9 /* Base */ = {isa = PBXFileReference; lastKnownFileType = file.storyboard; name = Base; path = Base.lproj/LaunchScreen.storyboard; sourceTree = "<group>"; };
		DC56BDD21E46DEB900AAD0D9 /* Info.plist */ = {isa = PBXFileReference; lastKnownFileType = text.plist.xml; path = Info.plist; sourceTree = "<group>"; };
/* End PBXFileReference section */

/* Begin PBXFrameworksBuildPhase section */
		DC56BDC01E46DEB900AAD0D9 /* Frameworks */ = {
			isa = PBXFrameworksBuildPhase;
			buildActionMask = 2147483647;
			files = (
				803A99D2DE444E51D1C80154 /* Pods_TGPControlsDemo.framework in Frameworks */,
			);
			runOnlyForDeploymentPostprocessing = 0;
		};
/* End PBXFrameworksBuildPhase section */

/* Begin PBXGroup section */
		10EC92099730DF4A939701BE /* Frameworks */ = {
			isa = PBXGroup;
			children = (
				5F81ED809FBD1E88B2963FDC /* Pods_TGPControlsDemo.framework */,
			);
			name = Frameworks;
			sourceTree = "<group>";
		};
		DC56BDBA1E46DEB900AAD0D9 = {
			isa = PBXGroup;
			children = (
				DC56BDC51E46DEB900AAD0D9 /* TGPControlsDemo */,
				DC56BDC41E46DEB900AAD0D9 /* Products */,
				10EC92099730DF4A939701BE /* Frameworks */,
			);
			sourceTree = "<group>";
		};
		DC56BDC41E46DEB900AAD0D9 /* Products */ = {
			isa = PBXGroup;
			children = (
				DC56BDC31E46DEB900AAD0D9 /* TGPControlsDemo.app */,
			);
			name = Products;
			sourceTree = "<group>";
		};
		DC56BDC51E46DEB900AAD0D9 /* TGPControlsDemo */ = {
			isa = PBXGroup;
			children = (
				DC56BDC61E46DEB900AAD0D9 /* AppDelegate.swift */,
				DC56BDC81E46DEB900AAD0D9 /* ViewController.swift */,
				DC56BDCA1E46DEB900AAD0D9 /* Main.storyboard */,
				DC56BDCD1E46DEB900AAD0D9 /* Assets.xcassets */,
				DC56BDCF1E46DEB900AAD0D9 /* LaunchScreen.storyboard */,
				DC56BDD21E46DEB900AAD0D9 /* Info.plist */,
			);
			path = TGPControlsDemo;
			sourceTree = "<group>";
		};
/* End PBXGroup section */

/* Begin PBXNativeTarget section */
		DC56BDC21E46DEB900AAD0D9 /* TGPControlsDemo */ = {
			isa = PBXNativeTarget;
			buildConfigurationList = DC56BDD51E46DEB900AAD0D9 /* Build configuration list for PBXNativeTarget "TGPControlsDemo" */;
			buildPhases = (
				1934555AC11CDE41167D1F71 /* [CP] Check Pods Manifest.lock */,
				DC56BDBF1E46DEB900AAD0D9 /* Sources */,
				DC56BDC01E46DEB900AAD0D9 /* Frameworks */,
				DC56BDC11E46DEB900AAD0D9 /* Resources */,
				A772C50843047EE677ADAF15 /* [CP] Embed Pods Frameworks */,
				3FF2E09CAFA7D92A488FACF7 /* [CP] Copy Pods Resources */,
			);
			buildRules = (
			);
			dependencies = (
			);
			name = TGPControlsDemo;
			productName = TGPControlsDemo;
			productReference = DC56BDC31E46DEB900AAD0D9 /* TGPControlsDemo.app */;
			productType = "com.apple.product-type.application";
		};
/* End PBXNativeTarget section */

/* Begin PBXProject section */
		DC56BDBB1E46DEB900AAD0D9 /* Project object */ = {
			isa = PBXProject;
			attributes = {
				LastSwiftUpdateCheck = 0820;
				LastUpgradeCheck = 0820;
				ORGANIZATIONNAME = SwiftArchitect;
				TargetAttributes = {
					DC56BDC21E46DEB900AAD0D9 = {
						CreatedOnToolsVersion = 8.2.1;
						ProvisioningStyle = Automatic;
					};
				};
			};
			buildConfigurationList = DC56BDBE1E46DEB900AAD0D9 /* Build configuration list for PBXProject "TGPControlsDemo" */;
			compatibilityVersion = "Xcode 3.2";
			developmentRegion = English;
			hasScannedForEncodings = 0;
			knownRegions = (
				en,
				Base,
			);
			mainGroup = DC56BDBA1E46DEB900AAD0D9;
			productRefGroup = DC56BDC41E46DEB900AAD0D9 /* Products */;
			projectDirPath = "";
			projectRoot = "";
			targets = (
				DC56BDC21E46DEB900AAD0D9 /* TGPControlsDemo */,
			);
		};
/* End PBXProject section */

/* Begin PBXResourcesBuildPhase section */
		DC56BDC11E46DEB900AAD0D9 /* Resources */ = {
			isa = PBXResourcesBuildPhase;
			buildActionMask = 2147483647;
			files = (
				DC56BDD11E46DEB900AAD0D9 /* LaunchScreen.storyboard in Resources */,
				DC56BDCE1E46DEB900AAD0D9 /* Assets.xcassets in Resources */,
				DC56BDCC1E46DEB900AAD0D9 /* Main.storyboard in Resources */,
			);
			runOnlyForDeploymentPostprocessing = 0;
		};
/* End PBXResourcesBuildPhase section */

/* Begin PBXShellScriptBuildPhase section */
		1934555AC11CDE41167D1F71 /* [CP] Check Pods Manifest.lock */ = {
			isa = PBXShellScriptBuildPhase;
			buildActionMask = 2147483647;
			files = (
			);
			inputPaths = (
			);
			name = "[CP] Check Pods Manifest.lock";
			outputPaths = (
			);
			runOnlyForDeploymentPostprocessing = 0;
			shellPath = /bin/sh;
			shellScript = "diff \"${PODS_PODFILE_DIR_PATH}/Podfile.lock\" \"${PODS_ROOT}/Manifest.lock\" > /dev/null\nif [ $? != 0 ] ; then\n    # print error to STDERR\n    echo \"error: The sandbox is not in sync with the Podfile.lock. Run 'pod install' or update your CocoaPods installation.\" >&2\n    exit 1\nfi\n";
			showEnvVarsInLog = 0;
		};
		3FF2E09CAFA7D92A488FACF7 /* [CP] Copy Pods Resources */ = {
			isa = PBXShellScriptBuildPhase;
			buildActionMask = 2147483647;
			files = (
			);
			inputPaths = (
			);
			name = "[CP] Copy Pods Resources";
			outputPaths = (
			);
			runOnlyForDeploymentPostprocessing = 0;
			shellPath = /bin/sh;
			shellScript = "\"${SRCROOT}/Pods/Target Support Files/Pods-TGPControlsDemo/Pods-TGPControlsDemo-resources.sh\"\n";
			showEnvVarsInLog = 0;
		};
		A772C50843047EE677ADAF15 /* [CP] Embed Pods Frameworks */ = {
			isa = PBXShellScriptBuildPhase;
			buildActionMask = 2147483647;
			files = (
			);
			inputPaths = (
			);
			name = "[CP] Embed Pods Frameworks";
			outputPaths = (
			);
			runOnlyForDeploymentPostprocessing = 0;
			shellPath = /bin/sh;
			shellScript = "\"${SRCROOT}/Pods/Target Support Files/Pods-TGPControlsDemo/Pods-TGPControlsDemo-frameworks.sh\"\n";
			showEnvVarsInLog = 0;
		};
/* End PBXShellScriptBuildPhase section */

/* Begin PBXSourcesBuildPhase section */
		DC56BDBF1E46DEB900AAD0D9 /* Sources */ = {
			isa = PBXSourcesBuildPhase;
			buildActionMask = 2147483647;
			files = (
				DC56BDC91E46DEB900AAD0D9 /* ViewController.swift in Sources */,
				DC56BDC71E46DEB900AAD0D9 /* AppDelegate.swift in Sources */,
			);
			runOnlyForDeploymentPostprocessing = 0;
		};
/* End PBXSourcesBuildPhase section */

/* Begin PBXVariantGroup section */
		DC56BDCA1E46DEB900AAD0D9 /* Main.storyboard */ = {
			isa = PBXVariantGroup;
			children = (
				DC56BDCB1E46DEB900AAD0D9 /* Base */,
			);
			name = Main.storyboard;
			sourceTree = "<group>";
		};
		DC56BDCF1E46DEB900AAD0D9 /* LaunchScreen.storyboard */ = {
			isa = PBXVariantGroup;
			children = (
				DC56BDD01E46DEB900AAD0D9 /* Base */,
			);
			name = LaunchScreen.storyboard;
			sourceTree = "<group>";
		};
/* End PBXVariantGroup section */

/* Begin XCBuildConfiguration section */
		DC56BDD31E46DEB900AAD0D9 /* Debug */ = {
			isa = XCBuildConfiguration;
			buildSettings = {
				ALWAYS_EMBED_SWIFT_STANDARD_LIBRARIES = "$(inherited)";
				ALWAYS_SEARCH_USER_PATHS = NO;
				CLANG_ANALYZER_NONNULL = YES;
				CLANG_CXX_LANGUAGE_STANDARD = "gnu++0x";
				CLANG_CXX_LIBRARY = "libc++";
				CLANG_ENABLE_MODULES = YES;
				CLANG_ENABLE_OBJC_ARC = YES;
				CLANG_WARN_BOOL_CONVERSION = YES;
				CLANG_WARN_CONSTANT_CONVERSION = YES;
				CLANG_WARN_DIRECT_OBJC_ISA_USAGE = YES_ERROR;
				CLANG_WARN_DOCUMENTATION_COMMENTS = YES;
				CLANG_WARN_EMPTY_BODY = YES;
				CLANG_WARN_ENUM_CONVERSION = YES;
				CLANG_WARN_INFINITE_RECURSION = YES;
				CLANG_WARN_INT_CONVERSION = YES;
				CLANG_WARN_OBJC_ROOT_CLASS = YES_ERROR;
				CLANG_WARN_SUSPICIOUS_MOVE = YES;
				CLANG_WARN_UNREACHABLE_CODE = YES;
				CLANG_WARN__DUPLICATE_METHOD_MATCH = YES;
				"CODE_SIGN_IDENTITY[sdk=iphoneos*]" = "iPhone Developer";
				COPY_PHASE_STRIP = NO;
				DEBUG_INFORMATION_FORMAT = dwarf;
				ENABLE_STRICT_OBJC_MSGSEND = YES;
				ENABLE_TESTABILITY = YES;
				GCC_C_LANGUAGE_STANDARD = gnu99;
				GCC_DYNAMIC_NO_PIC = NO;
				GCC_NO_COMMON_BLOCKS = YES;
				GCC_OPTIMIZATION_LEVEL = 0;
				GCC_PREPROCESSOR_DEFINITIONS = (
					"DEBUG=1",
					"$(inherited)",
				);
				GCC_WARN_64_TO_32_BIT_CONVERSION = YES;
				GCC_WARN_ABOUT_RETURN_TYPE = YES_ERROR;
				GCC_WARN_UNDECLARED_SELECTOR = YES;
				GCC_WARN_UNINITIALIZED_AUTOS = YES_AGGRESSIVE;
				GCC_WARN_UNUSED_FUNCTION = YES;
				GCC_WARN_UNUSED_VARIABLE = YES;
				IPHONEOS_DEPLOYMENT_TARGET = 8.0;
				MTL_ENABLE_DEBUG_INFO = YES;
				ONLY_ACTIVE_ARCH = YES;
				SDKROOT = iphoneos;
				SWIFT_ACTIVE_COMPILATION_CONDITIONS = DEBUG;
				SWIFT_OPTIMIZATION_LEVEL = "-Onone";
				TARGETED_DEVICE_FAMILY = "1,2";
			};
			name = Debug;
		};
		DC56BDD41E46DEB900AAD0D9 /* Release */ = {
			isa = XCBuildConfiguration;
			buildSettings = {
				ALWAYS_EMBED_SWIFT_STANDARD_LIBRARIES = "$(inherited)";
				ALWAYS_SEARCH_USER_PATHS = NO;
				CLANG_ANALYZER_NONNULL = YES;
				CLANG_CXX_LANGUAGE_STANDARD = "gnu++0x";
				CLANG_CXX_LIBRARY = "libc++";
				CLANG_ENABLE_MODULES = YES;
				CLANG_ENABLE_OBJC_ARC = YES;
				CLANG_WARN_BOOL_CONVERSION = YES;
				CLANG_WARN_CONSTANT_CONVERSION = YES;
				CLANG_WARN_DIRECT_OBJC_ISA_USAGE = YES_ERROR;
				CLANG_WARN_DOCUMENTATION_COMMENTS = YES;
				CLANG_WARN_EMPTY_BODY = YES;
				CLANG_WARN_ENUM_CONVERSION = YES;
				CLANG_WARN_INFINITE_RECURSION = YES;
				CLANG_WARN_INT_CONVERSION = YES;
				CLANG_WARN_OBJC_ROOT_CLASS = YES_ERROR;
				CLANG_WARN_SUSPICIOUS_MOVE = YES;
				CLANG_WARN_UNREACHABLE_CODE = YES;
				CLANG_WARN__DUPLICATE_METHOD_MATCH = YES;
				"CODE_SIGN_IDENTITY[sdk=iphoneos*]" = "iPhone Developer";
				COPY_PHASE_STRIP = NO;
				DEBUG_INFORMATION_FORMAT = "dwarf-with-dsym";
				ENABLE_NS_ASSERTIONS = NO;
				ENABLE_STRICT_OBJC_MSGSEND = YES;
				GCC_C_LANGUAGE_STANDARD = gnu99;
				GCC_NO_COMMON_BLOCKS = YES;
				GCC_WARN_64_TO_32_BIT_CONVERSION = YES;
				GCC_WARN_ABOUT_RETURN_TYPE = YES_ERROR;
				GCC_WARN_UNDECLARED_SELECTOR = YES;
				GCC_WARN_UNINITIALIZED_AUTOS = YES_AGGRESSIVE;
				GCC_WARN_UNUSED_FUNCTION = YES;
				GCC_WARN_UNUSED_VARIABLE = YES;
				IPHONEOS_DEPLOYMENT_TARGET = 8.0;
				MTL_ENABLE_DEBUG_INFO = NO;
				SDKROOT = iphoneos;
				SWIFT_OPTIMIZATION_LEVEL = "-Owholemodule";
				TARGETED_DEVICE_FAMILY = "1,2";
				VALIDATE_PRODUCT = YES;
			};
			name = Release;
		};
		DC56BDD61E46DEB900AAD0D9 /* Debug */ = {
			isa = XCBuildConfiguration;
			buildSettings = {
				ALWAYS_EMBED_SWIFT_STANDARD_LIBRARIES = "$(inherited)";
				ASSETCATALOG_COMPILER_APPICON_NAME = AppIcon;
				DEVELOPMENT_TEAM = "";
				INFOPLIST_FILE = TGPControlsDemo/Info.plist;
				LD_RUNPATH_SEARCH_PATHS = "$(inherited) @executable_path/Frameworks";
				PRODUCT_BUNDLE_IDENTIFIER = com.swiftarchitect.TGPControlsDemo;
				PRODUCT_NAME = "$(TARGET_NAME)";
				SWIFT_VERSION = 3.0;
			};
			name = Debug;
		};
		DC56BDD71E46DEB900AAD0D9 /* Release */ = {
			isa = XCBuildConfiguration;
			buildSettings = {
				ALWAYS_EMBED_SWIFT_STANDARD_LIBRARIES = "$(inherited)";
				ASSETCATALOG_COMPILER_APPICON_NAME = AppIcon;
				DEVELOPMENT_TEAM = "";
				INFOPLIST_FILE = TGPControlsDemo/Info.plist;
				LD_RUNPATH_SEARCH_PATHS = "$(inherited) @executable_path/Frameworks";
				PRODUCT_BUNDLE_IDENTIFIER = com.swiftarchitect.TGPControlsDemo;
				PRODUCT_NAME = "$(TARGET_NAME)";
				SWIFT_VERSION = 3.0;
			};
			name = Release;
		};
/* End XCBuildConfiguration section */

/* Begin XCConfigurationList section */
		DC56BDBE1E46DEB900AAD0D9 /* Build configuration list for PBXProject "TGPControlsDemo" */ = {
			isa = XCConfigurationList;
			buildConfigurations = (
				DC56BDD31E46DEB900AAD0D9 /* Debug */,
				DC56BDD41E46DEB900AAD0D9 /* Release */,
			);
			defaultConfigurationIsVisible = 0;
			defaultConfigurationName = Release;
		};
		DC56BDD51E46DEB900AAD0D9 /* Build configuration list for PBXNativeTarget "TGPControlsDemo" */ = {
			isa = XCConfigurationList;
			buildConfigurations = (
				DC56BDD61E46DEB900AAD0D9 /* Debug */,
				DC56BDD71E46DEB900AAD0D9 /* Release */,
			);
			defaultConfigurationIsVisible = 0;
			defaultConfigurationName = Release;
		};
/* End XCConfigurationList section */
	};
	rootObject = DC56BDBB1E46DEB900AAD0D9 /* Project object */;
}
